# Code generated by scarb DO NOT EDIT.
version = 1

[[package]]
name = "openzeppelin_merkle_tree"
version = "3.0.0"
source = "registry+https://scarbs.xyz/"
checksum = "sha256:3417680a1f672bd6cfb54962481f6b96d72f6510be2658d17c8356709b5c950a"

[[package]]
name = "snforge_scarb_plugin"
version = "0.53.0"
source = "registry+https://scarbs.xyz/"
checksum = "sha256:10444a0211c5cf460aba730703a48ed72876f68b283e3741059fc2552ce226db"

[[package]]
name = "snforge_std"
version = "0.53.0"
source = "registry+https://scarbs.xyz/"
checksum = "sha256:85dd728289a4903e0e6f87f9ab9d27350b883e781b238bb117e7ee995e257ee2"
dependencies = [
 "snforge_scarb_plugin",
]

[[package]]
name = "starkwaves_validator"
version = "0.1.0"
dependencies = [
 "openzeppelin_merkle_tree",
 "snforge_std",
]
